
Microsoft Visual Studio Solution File, Format Version 12.00
# Visual Studio Version 17
VisualStudioVersion = 17.11.35312.102
MinimumVisualStudioVersion = 10.0.40219.1
Project("{9A19103F-16F7-4668-BE54-9A1E7A4F7556}") = "NorthWind.Entities", "NorthWind.Entities\NorthWind.Entities.csproj", "{15CDE395-98EF-446B-A0F2-7A4650FF619B}"
EndProject
Project("{9A19103F-16F7-4668-BE54-9A1E7A4F7556}") = "NorthWind.ConsoleApp", "NorthWind.ConsoleApp\NorthWind.ConsoleApp.csproj", "{F9A643D6-2BB1-4028-B542-50782F01314C}"
EndProject
Project("{9A19103F-16F7-4668-BE54-9A1E7A4F7556}") = "NorthWind.Writers", "NorthWind.Writers\NorthWind.Writers.csproj", "{EFC6C8D8-5F20-4B50-AB34-F183DF922B36}"
EndProject
Project("{FAE04EC0-301F-11D3-BF4B-00C04F79EFBC}") = "NorthWind.IoC", "NorthWind.IoC\NorthWind.IoC.csproj", "{06DBA7A4-7A9E-40F6-AE57-211E3D3D0055}"
EndProject
Project("{FAE04EC0-301F-11D3-BF4B-00C04F79EFBC}") = "NorthWind.Core", "NorthWind.Core\NorthWind.Core.csproj", "{2F8AA437-2927-475F-8831-09F44C7BEC2C}"
EndProject
Global
	GlobalSection(SolutionConfigurationPlatforms) = preSolution
		Debug|Any CPU = Debug|Any CPU
		Release|Any CPU = Release|Any CPU
	EndGlobalSection
	GlobalSection(ProjectConfigurationPlatforms) = postSolution
		{15CDE395-98EF-446B-A0F2-7A4650FF619B}.Debug|Any CPU.ActiveCfg = Debug|Any CPU
		{15CDE395-98EF-446B-A0F2-7A4650FF619B}.Debug|Any CPU.Build.0 = Debug|Any CPU
		{15CDE395-98EF-446B-A0F2-7A4650FF619B}.Release|Any CPU.ActiveCfg = Release|Any CPU
		{15CDE395-98EF-446B-A0F2-7A4650FF619B}.Release|Any CPU.Build.0 = Release|Any CPU
		{F9A643D6-2BB1-4028-B542-50782F01314C}.Debug|Any CPU.ActiveCfg = Debug|Any CPU
		{F9A643D6-2BB1-4028-B542-50782F01314C}.Debug|Any CPU.Build.0 = Debug|Any CPU
		{F9A643D6-2BB1-4028-B542-50782F01314C}.Release|Any CPU.ActiveCfg = Release|Any CPU
		{F9A643D6-2BB1-4028-B542-50782F01314C}.Release|Any CPU.Build.0 = Release|Any CPU
		{EFC6C8D8-5F20-4B50-AB34-F183DF922B36}.Debug|Any CPU.ActiveCfg = Debug|Any CPU
		{EFC6C8D8-5F20-4B50-AB34-F183DF922B36}.Debug|Any CPU.Build.0 = Debug|Any CPU
		{EFC6C8D8-5F20-4B50-AB34-F183DF922B36}.Release|Any CPU.ActiveCfg = Release|Any CPU
		{EFC6C8D8-5F20-4B50-AB34-F183DF922B36}.Release|Any CPU.Build.0 = Release|Any CPU
		{06DBA7A4-7A9E-40F6-AE57-211E3D3D0055}.Debug|Any CPU.ActiveCfg = Debug|Any CPU
		{06DBA7A4-7A9E-40F6-AE57-211E3D3D0055}.Debug|Any CPU.Build.0 = Debug|Any CPU
		{06DBA7A4-7A9E-40F6-AE57-211E3D3D0055}.Release|Any CPU.ActiveCfg = Release|Any CPU
		{06DBA7A4-7A9E-40F6-AE57-211E3D3D0055}.Release|Any CPU.Build.0 = Release|Any CPU
		{2F8AA437-2927-475F-8831-09F44C7BEC2C}.Debug|Any CPU.ActiveCfg = Debug|Any CPU
		{2F8AA437-2927-475F-8831-09F44C7BEC2C}.Debug|Any CPU.Build.0 = Debug|Any CPU
		{2F8AA437-2927-475F-8831-09F44C7BEC2C}.Release|Any CPU.ActiveCfg = Release|Any CPU
		{2F8AA437-2927-475F-8831-09F44C7BEC2C}.Release|Any CPU.Build.0 = Release|Any CPU
	EndGlobalSection
	GlobalSection(SolutionProperties) = preSolution
		HideSolutionNode = FALSE
	EndGlobalSection
	GlobalSection(ExtensibilityGlobals) = postSolution
		SolutionGuid = {EF8E7A33-DAEB-4DD5-AC2D-8B6DFBA03FF1}
	EndGlobalSection
EndGlobal
